// !$*UTF8*$!
{
	archiveVersion = 1;
	classes = {
	};
	objectVersion = 50;
	objects = {

/* Begin PBXBuildFile section */
		BD067A6620E258EC00EA3930 /* CopyLabel.swift in Sources */ = {isa = PBXBuildFile; fileRef = BD067A6520E258EC00EA3930 /* CopyLabel.swift */; };
		BD12F4CA20E22A43007AB6ED /* HomeTabbarVC.swift in Sources */ = {isa = PBXBuildFile; fileRef = BD12F4C920E22A43007AB6ED /* HomeTabbarVC.swift */; };
		BD12F4CC20E248B3007AB6ED /* HeaderShadowView.swift in Sources */ = {isa = PBXBuildFile; fileRef = BD12F4CB20E248B3007AB6ED /* HeaderShadowView.swift */; };
		BD12F4CE20E256A5007AB6ED /* ShareKycVC.swift in Sources */ = {isa = PBXBuildFile; fileRef = BD12F4CD20E256A5007AB6ED /* ShareKycVC.swift */; };
		BD161CB620AD544D009BBE50 /* Util.swift in Sources */ = {isa = PBXBuildFile; fileRef = BD161CB520AD544D009BBE50 /* Util.swift */; };
		BD161CB820AD682B009BBE50 /* BasicDetailsModel.swift in Sources */ = {isa = PBXBuildFile; fileRef = BD161CB720AD682B009BBE50 /* BasicDetailsModel.swift */; };
		BD161CBD20AD68A0009BBE50 /* VerifyOtpVC.swift in Sources */ = {isa = PBXBuildFile; fileRef = BD161CBC20AD68A0009BBE50 /* VerifyOtpVC.swift */; };
		BD18857120C6A45F006AF1C3 /* KeychainService.swift in Sources */ = {isa = PBXBuildFile; fileRef = BD18857020C6A45F006AF1C3 /* KeychainService.swift */; };
		BD1A48BA20C112160054E6A9 /* ChangePinVC.swift in Sources */ = {isa = PBXBuildFile; fileRef = BD1A48B920C112160054E6A9 /* ChangePinVC.swift */; };
		BD2E6BB520DA741C00C48AF7 /* app_image.png in Resources */ = {isa = PBXBuildFile; fileRef = BD2E6BB420DA741C00C48AF7 /* app_image.png */; };
		BD2F8BD920C93F970067502F /* DocumentVC.swift in Sources */ = {isa = PBXBuildFile; fileRef = BD2F8BD820C93F970067502F /* DocumentVC.swift */; };
		BD345C8520AD848B002388A9 /* Country.swift in Sources */ = {isa = PBXBuildFile; fileRef = BD345C8420AD848B002388A9 /* Country.swift */; };
		BD345C8720AD84A3002388A9 /* countries.json in Resources */ = {isa = PBXBuildFile; fileRef = BD345C8620AD84A3002388A9 /* countries.json */; };
		BD345C8B20ADA6FF002388A9 /* CustomPickerView.swift in Sources */ = {isa = PBXBuildFile; fileRef = BD345C8920ADA6FF002388A9 /* CustomPickerView.swift */; };
		BD345C8C20ADA6FF002388A9 /* CustomPickerView.xib in Resources */ = {isa = PBXBuildFile; fileRef = BD345C8A20ADA6FF002388A9 /* CustomPickerView.xib */; };
		BD345C9520AE99ED002388A9 /* ScrollviewKeyboard.m in Sources */ = {isa = PBXBuildFile; fileRef = BD345C9020AE99ED002388A9 /* ScrollviewKeyboard.m */; };
		BD345C9620AE99EE002388A9 /* TableviewKeyboard.m in Sources */ = {isa = PBXBuildFile; fileRef = BD345C9220AE99ED002388A9 /* TableviewKeyboard.m */; };
		BD345C9720AE99EE002388A9 /* UIScrollView+KeyboardPresentation.m in Sources */ = {isa = PBXBuildFile; fileRef = BD345C9420AE99ED002388A9 /* UIScrollView+KeyboardPresentation.m */; };
		BD3B01CE20DBB91A003D88E7 /* UrlConstants.swift in Sources */ = {isa = PBXBuildFile; fileRef = BD3B01CD20DBB91A003D88E7 /* UrlConstants.swift */; };
		BD3BE16720B6EDB700FED508 /* SuccessfullVC.swift in Sources */ = {isa = PBXBuildFile; fileRef = BD3BE16620B6EDB700FED508 /* SuccessfullVC.swift */; };
		BD3E300020C7ACDE00040570 /* AddressVC.swift in Sources */ = {isa = PBXBuildFile; fileRef = BD3E2FFF20C7ACDE00040570 /* AddressVC.swift */; };
		BD3E300320C7EF0900040570 /* DocumentHoldingVC.swift in Sources */ = {isa = PBXBuildFile; fileRef = BD3E300220C7EF0900040570 /* DocumentHoldingVC.swift */; };
		BD5E0F0820E5F4F50045C0A3 /* SummaryImageCell.swift in Sources */ = {isa = PBXBuildFile; fileRef = BD5E0F0620E5F4F50045C0A3 /* SummaryImageCell.swift */; };
		BD5E0F0920E5F4F50045C0A3 /* SummaryImageCell.xib in Resources */ = {isa = PBXBuildFile; fileRef = BD5E0F0720E5F4F50045C0A3 /* SummaryImageCell.xib */; };
		BD5E0F0C20E65DBF0045C0A3 /* ImageViewerVC.swift in Sources */ = {isa = PBXBuildFile; fileRef = BD5E0F0B20E65DBF0045C0A3 /* ImageViewerVC.swift */; };
		BD66CEA820D27F8900763227 /* StringConstants.swift in Sources */ = {isa = PBXBuildFile; fileRef = BD66CEA720D27F8900763227 /* StringConstants.swift */; };
		BD6C281420EB3E66004555BD /* RegistrationCell.swift in Sources */ = {isa = PBXBuildFile; fileRef = BD6C281220EB3E66004555BD /* RegistrationCell.swift */; };
		BD6C281520EB3E66004555BD /* RegistrationCell.xib in Resources */ = {isa = PBXBuildFile; fileRef = BD6C281320EB3E66004555BD /* RegistrationCell.xib */; };
		BD6C282020EB59F1004555BD /* PushAnimator.swift in Sources */ = {isa = PBXBuildFile; fileRef = BD6C281F20EB59F1004555BD /* PushAnimator.swift */; };
		BD7BE56D20BD3E35005BFC26 /* ProfileType1Cell.swift in Sources */ = {isa = PBXBuildFile; fileRef = BD7BE56B20BD3E35005BFC26 /* ProfileType1Cell.swift */; };
		BD7BE56E20BD3E35005BFC26 /* ProfileType1Cell.xib in Resources */ = {isa = PBXBuildFile; fileRef = BD7BE56C20BD3E35005BFC26 /* ProfileType1Cell.xib */; };
		BD7BE57120BE767E005BFC26 /* SettingsVC.swift in Sources */ = {isa = PBXBuildFile; fileRef = BD7BE57020BE767E005BFC26 /* SettingsVC.swift */; };
		BD8B72BB20C139A300D433B8 /* NoCursorTextfield.swift in Sources */ = {isa = PBXBuildFile; fileRef = BD8B72BA20C139A300D433B8 /* NoCursorTextfield.swift */; };
		BDB45E9E20B4042E008888CF /* BackSpaceTextfield.swift in Sources */ = {isa = PBXBuildFile; fileRef = BDB45E9D20B4042E008888CF /* BackSpaceTextfield.swift */; };
		BDB45EAE20B594DF008888CF /* OptionsCollectionViewCell.swift in Sources */ = {isa = PBXBuildFile; fileRef = BDB45EAC20B594DF008888CF /* OptionsCollectionViewCell.swift */; };
		BDB45EAF20B594DF008888CF /* OptionsCollectionViewCell.xib in Resources */ = {isa = PBXBuildFile; fileRef = BDB45EAD20B594DF008888CF /* OptionsCollectionViewCell.xib */; };
		BDB53AE320B29FB500C5122C /* Login.storyboard in Resources */ = {isa = PBXBuildFile; fileRef = BDB53AE220B29FB500C5122C /* Login.storyboard */; };
		BDB53AE720B2A4C600C5122C /* LoginVC.swift in Sources */ = {isa = PBXBuildFile; fileRef = BDB53AE620B2A4C600C5122C /* LoginVC.swift */; };
		BDB53AEA20B2AEAF00C5122C /* GenerateOtpVC.swift in Sources */ = {isa = PBXBuildFile; fileRef = BDB53AE920B2AEAF00C5122C /* GenerateOtpVC.swift */; };
		BDB53AED20B2B2DF00C5122C /* SetPinVC.swift in Sources */ = {isa = PBXBuildFile; fileRef = BDB53AEC20B2B2DF00C5122C /* SetPinVC.swift */; };
		BDB53AEF20B2CCCC00C5122C /* Home.storyboard in Resources */ = {isa = PBXBuildFile; fileRef = BDB53AEE20B2CCCC00C5122C /* Home.storyboard */; };
		BDB53AF220B2CDDC00C5122C /* ProfileVC.swift in Sources */ = {isa = PBXBuildFile; fileRef = BDB53AF120B2CDDC00C5122C /* ProfileVC.swift */; };
		BDBF8E0920C01394009214CD /* ShadowView.swift in Sources */ = {isa = PBXBuildFile; fileRef = BDBF8E0820C01394009214CD /* ShadowView.swift */; };
		BDC0492920EDE816000CB9F9 /* RegCompletePushAnimator.swift in Sources */ = {isa = PBXBuildFile; fileRef = BDC0492820EDE816000CB9F9 /* RegCompletePushAnimator.swift */; };
		BDD1FF6B20BBD0C800BF260F /* SummaryCell.swift in Sources */ = {isa = PBXBuildFile; fileRef = BDD1FF6920BBD0C800BF260F /* SummaryCell.swift */; };
		BDD1FF6C20BBD0C800BF260F /* SummaryCell.xib in Resources */ = {isa = PBXBuildFile; fileRef = BDD1FF6A20BBD0C800BF260F /* SummaryCell.xib */; };
		BDD1FF7020BBD71100BF260F /* ImageCell.swift in Sources */ = {isa = PBXBuildFile; fileRef = BDD1FF6E20BBD71100BF260F /* ImageCell.swift */; };
		BDD1FF7120BBD71100BF260F /* ImageCell.xib in Resources */ = {isa = PBXBuildFile; fileRef = BDD1FF6F20BBD71100BF260F /* ImageCell.xib */; };
		BDD1FF7620BBF29700BF260F /* SummaryVC.swift in Sources */ = {isa = PBXBuildFile; fileRef = BDD1FF7520BBF29700BF260F /* SummaryVC.swift */; };
		BDD4BBB520CE55A000428689 /* EditApplicationVC.swift in Sources */ = {isa = PBXBuildFile; fileRef = BDD4BBB420CE55A000428689 /* EditApplicationVC.swift */; };
		BDD4BBB820CE768C00428689 /* PickerClass.swift in Sources */ = {isa = PBXBuildFile; fileRef = BDD4BBB720CE768C00428689 /* PickerClass.swift */; };
		BDD5599220AA9BCC006D8641 /* AppDelegate.swift in Sources */ = {isa = PBXBuildFile; fileRef = BDD5599120AA9BCC006D8641 /* AppDelegate.swift */; };
		BDD5599720AA9BCC006D8641 /* Main.storyboard in Resources */ = {isa = PBXBuildFile; fileRef = BDD5599520AA9BCC006D8641 /* Main.storyboard */; };
		BDD5599920AA9BDA006D8641 /* Assets.xcassets in Resources */ = {isa = PBXBuildFile; fileRef = BDD5599820AA9BDA006D8641 /* Assets.xcassets */; };
		BDD559B320AA9E0E006D8641 /* Settings.bundle in Resources */ = {isa = PBXBuildFile; fileRef = BDD559B220AA9E0E006D8641 /* Settings.bundle */; };
		BDD559B620AAA5EE006D8641 /* FlowManager.swift in Sources */ = {isa = PBXBuildFile; fileRef = BDD559B520AAA5EE006D8641 /* FlowManager.swift */; };
		BDD559B820AAAFB5006D8641 /* Constants.swift in Sources */ = {isa = PBXBuildFile; fileRef = BDD559B720AAAFB5006D8641 /* Constants.swift */; };
		BDD559BB20AABAB5006D8641 /* EntryHomeVC.swift in Sources */ = {isa = PBXBuildFile; fileRef = BDD559BA20AABAB5006D8641 /* EntryHomeVC.swift */; };
		BDD559BD20AABFA4006D8641 /* Extensions.swift in Sources */ = {isa = PBXBuildFile; fileRef = BDD559BC20AABFA4006D8641 /* Extensions.swift */; };
		BDD559C020AAEA4B006D8641 /* RadioSelectionCell.swift in Sources */ = {isa = PBXBuildFile; fileRef = BDD559BE20AAEA4B006D8641 /* RadioSelectionCell.swift */; };
		BDD559C120AAEA4B006D8641 /* RadioSelectionCell.xib in Resources */ = {isa = PBXBuildFile; fileRef = BDD559BF20AAEA4B006D8641 /* RadioSelectionCell.xib */; };
		BDD559C420AAEC15006D8641 /* CountrySelectionVC.swift in Sources */ = {isa = PBXBuildFile; fileRef = BDD559C320AAEC15006D8641 /* CountrySelectionVC.swift */; };
		BDD559C620AB0828006D8641 /* RegistrationVC.swift in Sources */ = {isa = PBXBuildFile; fileRef = BDD559C520AB0828006D8641 /* RegistrationVC.swift */; };
		BDD559C920ABEA2D006D8641 /* CustomBackButton.swift in Sources */ = {isa = PBXBuildFile; fileRef = BDD559C820ABEA2D006D8641 /* CustomBackButton.swift */; };
		BDD559CB20ABEE90006D8641 /* NetworkManager.swift in Sources */ = {isa = PBXBuildFile; fileRef = BDD559CA20ABEE90006D8641 /* NetworkManager.swift */; };
		BDD559CD20ABEF7D006D8641 /* SettingsBundleHelper.swift in Sources */ = {isa = PBXBuildFile; fileRef = BDD559CC20ABEF7D006D8641 /* SettingsBundleHelper.swift */; };
		BDD559CF20AC19F0006D8641 /* RequestManager.swift in Sources */ = {isa = PBXBuildFile; fileRef = BDD559CE20AC19F0006D8641 /* RequestManager.swift */; };
		BDD559D320AC4735006D8641 /* UIDeviceExtension.swift in Sources */ = {isa = PBXBuildFile; fileRef = BDD559D220AC4734006D8641 /* UIDeviceExtension.swift */; };
		BDD559D520AC4B40006D8641 /* RawdataConverter.swift in Sources */ = {isa = PBXBuildFile; fileRef = BDD559D420AC4B40006D8641 /* RawdataConverter.swift */; };
		BDD559D720AC5325006D8641 /* DateExtension.swift in Sources */ = {isa = PBXBuildFile; fileRef = BDD559D620AC5325006D8641 /* DateExtension.swift */; };
		BDD559DA20AC547E006D8641 /* TickCell.swift in Sources */ = {isa = PBXBuildFile; fileRef = BDD559D820AC547E006D8641 /* TickCell.swift */; };
		BDD559DB20AC547E006D8641 /* TickCell.xib in Resources */ = {isa = PBXBuildFile; fileRef = BDD559D920AC547E006D8641 /* TickCell.xib */; };
		BDD559DF20AD4E49006D8641 /* BasicDetailsAmericaVC.swift in Sources */ = {isa = PBXBuildFile; fileRef = BDD559DE20AD4E49006D8641 /* BasicDetailsAmericaVC.swift */; };
		BDDE714B20C93A6200840CCF /* TwoImagePicker.swift in Sources */ = {isa = PBXBuildFile; fileRef = BDDE714920C93A6200840CCF /* TwoImagePicker.swift */; };
		BDDE714C20C93A6200840CCF /* TwoImagePicker.xib in Resources */ = {isa = PBXBuildFile; fileRef = BDDE714A20C93A6200840CCF /* TwoImagePicker.xib */; };
		BDEAFD1C20D7ADE100572E77 /* CircularProgressView.swift in Sources */ = {isa = PBXBuildFile; fileRef = BDEAFD1B20D7ADE100572E77 /* CircularProgressView.swift */; };
		BDF5D7B420BFB40D00D642CE /* ConfigModel.swift in Sources */ = {isa = PBXBuildFile; fileRef = BDF5D7B320BFB40D00D642CE /* ConfigModel.swift */; };
		BDF5D7B720BFB45700D642CE /* CountryModel.swift in Sources */ = {isa = PBXBuildFile; fileRef = BDF5D7B620BFB45700D642CE /* CountryModel.swift */; };
		BDF5D7C120BFDD1000D642CE /* UserImageCell.swift in Sources */ = {isa = PBXBuildFile; fileRef = BDF5D7BF20BFDD0F00D642CE /* UserImageCell.swift */; };
		BDF5D7C220BFDD1000D642CE /* UserImageCell.xib in Resources */ = {isa = PBXBuildFile; fileRef = BDF5D7C020BFDD0F00D642CE /* UserImageCell.xib */; };
		BDF5D7C520BFE4F900D642CE /* Launch Screen.storyboard in Resources */ = {isa = PBXBuildFile; fileRef = BDF5D7C420BFE4F900D642CE /* Launch Screen.storyboard */; };
		BDF6DF3120C9091300B9E162 /* DocModel.swift in Sources */ = {isa = PBXBuildFile; fileRef = BDF6DF3020C9091300B9E162 /* DocModel.swift */; };
		BDF6DF3320C90E0000B9E162 /* DocumentManager.swift in Sources */ = {isa = PBXBuildFile; fileRef = BDF6DF3220C90E0000B9E162 /* DocumentManager.swift */; };
		BDF6DF3B20C925F400B9E162 /* TextFieldCell.swift in Sources */ = {isa = PBXBuildFile; fileRef = BDF6DF3920C925F400B9E162 /* TextFieldCell.swift */; };
		BDF6DF3C20C925F400B9E162 /* TextFieldCell.xib in Resources */ = {isa = PBXBuildFile; fileRef = BDF6DF3A20C925F400B9E162 /* TextFieldCell.xib */; };
		BDFB175720EC8F850084847D /* PopAnimator.swift in Sources */ = {isa = PBXBuildFile; fileRef = BDFB175620EC8F850084847D /* PopAnimator.swift */; };
		BDFB175B20ECA1880084847D /* CustomInteractor.swift in Sources */ = {isa = PBXBuildFile; fileRef = BDFB175A20ECA1880084847D /* CustomInteractor.swift */; };
/* End PBXBuildFile section */

/* Begin PBXFileReference section */
		BD067A6520E258EC00EA3930 /* CopyLabel.swift */ = {isa = PBXFileReference; lastKnownFileType = sourcecode.swift; path = CopyLabel.swift; sourceTree = "<group>"; };
		BD12F4C920E22A43007AB6ED /* HomeTabbarVC.swift */ = {isa = PBXFileReference; lastKnownFileType = sourcecode.swift; path = HomeTabbarVC.swift; sourceTree = "<group>"; };
		BD12F4CB20E248B3007AB6ED /* HeaderShadowView.swift */ = {isa = PBXFileReference; lastKnownFileType = sourcecode.swift; path = HeaderShadowView.swift; sourceTree = "<group>"; };
		BD12F4CD20E256A5007AB6ED /* ShareKycVC.swift */ = {isa = PBXFileReference; lastKnownFileType = sourcecode.swift; path = ShareKycVC.swift; sourceTree = "<group>"; };
		BD161CB520AD544D009BBE50 /* Util.swift */ = {isa = PBXFileReference; lastKnownFileType = sourcecode.swift; path = Util.swift; sourceTree = "<group>"; };
		BD161CB720AD682B009BBE50 /* BasicDetailsModel.swift */ = {isa = PBXFileReference; lastKnownFileType = sourcecode.swift; path = BasicDetailsModel.swift; sourceTree = "<group>"; };
		BD161CBC20AD68A0009BBE50 /* VerifyOtpVC.swift */ = {isa = PBXFileReference; lastKnownFileType = sourcecode.swift; path = VerifyOtpVC.swift; sourceTree = "<group>"; };
		BD18857020C6A45F006AF1C3 /* KeychainService.swift */ = {isa = PBXFileReference; lastKnownFileType = sourcecode.swift; path = KeychainService.swift; sourceTree = "<group>"; };
		BD1A48B920C112160054E6A9 /* ChangePinVC.swift */ = {isa = PBXFileReference; lastKnownFileType = sourcecode.swift; path = ChangePinVC.swift; sourceTree = "<group>"; };
		BD2E6BB420DA741C00C48AF7 /* app_image.png */ = {isa = PBXFileReference; lastKnownFileType = image.png; name = app_image.png; path = Assets.xcassets/ic_App_logo.imageset/app_image.png; sourceTree = "<group>"; };
		BD2F8BD820C93F970067502F /* DocumentVC.swift */ = {isa = PBXFileReference; lastKnownFileType = sourcecode.swift; path = DocumentVC.swift; sourceTree = "<group>"; };
		BD345C8420AD848B002388A9 /* Country.swift */ = {isa = PBXFileReference; fileEncoding = 4; lastKnownFileType = sourcecode.swift; path = Country.swift; sourceTree = "<group>"; };
		BD345C8620AD84A3002388A9 /* countries.json */ = {isa = PBXFileReference; fileEncoding = 4; lastKnownFileType = text.json; path = countries.json; sourceTree = "<group>"; };
		BD345C8820AD8C64002388A9 /* EvolveChain-Bridging-Header.h */ = {isa = PBXFileReference; lastKnownFileType = sourcecode.c.h; path = "EvolveChain-Bridging-Header.h"; sourceTree = "<group>"; };
		BD345C8920ADA6FF002388A9 /* CustomPickerView.swift */ = {isa = PBXFileReference; fileEncoding = 4; lastKnownFileType = sourcecode.swift; path = CustomPickerView.swift; sourceTree = "<group>"; };
		BD345C8A20ADA6FF002388A9 /* CustomPickerView.xib */ = {isa = PBXFileReference; fileEncoding = 4; lastKnownFileType = file.xib; path = CustomPickerView.xib; sourceTree = "<group>"; };
		BD345C8F20AE99ED002388A9 /* ScrollviewKeyboard.h */ = {isa = PBXFileReference; fileEncoding = 4; lastKnownFileType = sourcecode.c.h; path = ScrollviewKeyboard.h; sourceTree = "<group>"; };
		BD345C9020AE99ED002388A9 /* ScrollviewKeyboard.m */ = {isa = PBXFileReference; fileEncoding = 4; lastKnownFileType = sourcecode.c.objc; path = ScrollviewKeyboard.m; sourceTree = "<group>"; };
		BD345C9120AE99ED002388A9 /* TableviewKeyboard.h */ = {isa = PBXFileReference; fileEncoding = 4; lastKnownFileType = sourcecode.c.h; path = TableviewKeyboard.h; sourceTree = "<group>"; };
		BD345C9220AE99ED002388A9 /* TableviewKeyboard.m */ = {isa = PBXFileReference; fileEncoding = 4; lastKnownFileType = sourcecode.c.objc; path = TableviewKeyboard.m; sourceTree = "<group>"; };
		BD345C9320AE99ED002388A9 /* UIScrollView+KeyboardPresentation.h */ = {isa = PBXFileReference; fileEncoding = 4; lastKnownFileType = sourcecode.c.h; path = "UIScrollView+KeyboardPresentation.h"; sourceTree = "<group>"; };
		BD345C9420AE99ED002388A9 /* UIScrollView+KeyboardPresentation.m */ = {isa = PBXFileReference; fileEncoding = 4; lastKnownFileType = sourcecode.c.objc; path = "UIScrollView+KeyboardPresentation.m"; sourceTree = "<group>"; };
		BD3B01CD20DBB91A003D88E7 /* UrlConstants.swift */ = {isa = PBXFileReference; lastKnownFileType = sourcecode.swift; path = UrlConstants.swift; sourceTree = "<group>"; };
		BD3BE16620B6EDB700FED508 /* SuccessfullVC.swift */ = {isa = PBXFileReference; lastKnownFileType = sourcecode.swift; path = SuccessfullVC.swift; sourceTree = "<group>"; };
		BD3E2FFF20C7ACDE00040570 /* AddressVC.swift */ = {isa = PBXFileReference; lastKnownFileType = sourcecode.swift; path = AddressVC.swift; sourceTree = "<group>"; };
		BD3E300220C7EF0900040570 /* DocumentHoldingVC.swift */ = {isa = PBXFileReference; lastKnownFileType = sourcecode.swift; path = DocumentHoldingVC.swift; sourceTree = "<group>"; };
		BD5E0F0620E5F4F50045C0A3 /* SummaryImageCell.swift */ = {isa = PBXFileReference; lastKnownFileType = sourcecode.swift; path = SummaryImageCell.swift; sourceTree = "<group>"; };
		BD5E0F0720E5F4F50045C0A3 /* SummaryImageCell.xib */ = {isa = PBXFileReference; lastKnownFileType = file.xib; path = SummaryImageCell.xib; sourceTree = "<group>"; };
		BD5E0F0B20E65DBF0045C0A3 /* ImageViewerVC.swift */ = {isa = PBXFileReference; lastKnownFileType = sourcecode.swift; path = ImageViewerVC.swift; sourceTree = "<group>"; };
		BD66CEA720D27F8900763227 /* StringConstants.swift */ = {isa = PBXFileReference; lastKnownFileType = sourcecode.swift; path = StringConstants.swift; sourceTree = "<group>"; };
		BD6C281220EB3E66004555BD /* RegistrationCell.swift */ = {isa = PBXFileReference; lastKnownFileType = sourcecode.swift; path = RegistrationCell.swift; sourceTree = "<group>"; };
		BD6C281320EB3E66004555BD /* RegistrationCell.xib */ = {isa = PBXFileReference; lastKnownFileType = file.xib; path = RegistrationCell.xib; sourceTree = "<group>"; };
		BD6C281F20EB59F1004555BD /* PushAnimator.swift */ = {isa = PBXFileReference; lastKnownFileType = sourcecode.swift; path = PushAnimator.swift; sourceTree = "<group>"; };
		BD7BE56B20BD3E35005BFC26 /* ProfileType1Cell.swift */ = {isa = PBXFileReference; lastKnownFileType = sourcecode.swift; path = ProfileType1Cell.swift; sourceTree = "<group>"; };
		BD7BE56C20BD3E35005BFC26 /* ProfileType1Cell.xib */ = {isa = PBXFileReference; lastKnownFileType = file.xib; path = ProfileType1Cell.xib; sourceTree = "<group>"; };
		BD7BE57020BE767E005BFC26 /* SettingsVC.swift */ = {isa = PBXFileReference; lastKnownFileType = sourcecode.swift; path = SettingsVC.swift; sourceTree = "<group>"; };
		BD8B72BA20C139A300D433B8 /* NoCursorTextfield.swift */ = {isa = PBXFileReference; lastKnownFileType = sourcecode.swift; path = NoCursorTextfield.swift; sourceTree = "<group>"; };
		BDB45E9D20B4042E008888CF /* BackSpaceTextfield.swift */ = {isa = PBXFileReference; lastKnownFileType = sourcecode.swift; path = BackSpaceTextfield.swift; sourceTree = "<group>"; };
		BDB45EAC20B594DF008888CF /* OptionsCollectionViewCell.swift */ = {isa = PBXFileReference; lastKnownFileType = sourcecode.swift; path = OptionsCollectionViewCell.swift; sourceTree = "<group>"; };
		BDB45EAD20B594DF008888CF /* OptionsCollectionViewCell.xib */ = {isa = PBXFileReference; lastKnownFileType = file.xib; path = OptionsCollectionViewCell.xib; sourceTree = "<group>"; };
		BDB53AE220B29FB500C5122C /* Login.storyboard */ = {isa = PBXFileReference; lastKnownFileType = file.storyboard; path = Login.storyboard; sourceTree = "<group>"; };
		BDB53AE620B2A4C600C5122C /* LoginVC.swift */ = {isa = PBXFileReference; lastKnownFileType = sourcecode.swift; path = LoginVC.swift; sourceTree = "<group>"; };
		BDB53AE920B2AEAF00C5122C /* GenerateOtpVC.swift */ = {isa = PBXFileReference; lastKnownFileType = sourcecode.swift; path = GenerateOtpVC.swift; sourceTree = "<group>"; };
		BDB53AEC20B2B2DF00C5122C /* SetPinVC.swift */ = {isa = PBXFileReference; lastKnownFileType = sourcecode.swift; path = SetPinVC.swift; sourceTree = "<group>"; };
		BDB53AEE20B2CCCC00C5122C /* Home.storyboard */ = {isa = PBXFileReference; lastKnownFileType = file.storyboard; path = Home.storyboard; sourceTree = "<group>"; };
		BDB53AF120B2CDDC00C5122C /* ProfileVC.swift */ = {isa = PBXFileReference; lastKnownFileType = sourcecode.swift; path = ProfileVC.swift; sourceTree = "<group>"; };
		BDBF8E0820C01394009214CD /* ShadowView.swift */ = {isa = PBXFileReference; lastKnownFileType = sourcecode.swift; path = ShadowView.swift; sourceTree = "<group>"; };
		BDC0492820EDE816000CB9F9 /* RegCompletePushAnimator.swift */ = {isa = PBXFileReference; lastKnownFileType = sourcecode.swift; path = RegCompletePushAnimator.swift; sourceTree = "<group>"; };
		BDD1FF6920BBD0C800BF260F /* SummaryCell.swift */ = {isa = PBXFileReference; lastKnownFileType = sourcecode.swift; path = SummaryCell.swift; sourceTree = "<group>"; };
		BDD1FF6A20BBD0C800BF260F /* SummaryCell.xib */ = {isa = PBXFileReference; lastKnownFileType = file.xib; path = SummaryCell.xib; sourceTree = "<group>"; };
		BDD1FF6E20BBD71100BF260F /* ImageCell.swift */ = {isa = PBXFileReference; lastKnownFileType = sourcecode.swift; path = ImageCell.swift; sourceTree = "<group>"; };
		BDD1FF6F20BBD71100BF260F /* ImageCell.xib */ = {isa = PBXFileReference; lastKnownFileType = file.xib; path = ImageCell.xib; sourceTree = "<group>"; };
		BDD1FF7520BBF29700BF260F /* SummaryVC.swift */ = {isa = PBXFileReference; lastKnownFileType = sourcecode.swift; path = SummaryVC.swift; sourceTree = "<group>"; };
		BDD4BBB420CE55A000428689 /* EditApplicationVC.swift */ = {isa = PBXFileReference; lastKnownFileType = sourcecode.swift; path = EditApplicationVC.swift; sourceTree = "<group>"; };
		BDD4BBB720CE768C00428689 /* PickerClass.swift */ = {isa = PBXFileReference; lastKnownFileType = sourcecode.swift; path = PickerClass.swift; sourceTree = "<group>"; };
		BDD5598E20AA9BCC006D8641 /* EvolveChain.app */ = {isa = PBXFileReference; explicitFileType = wrapper.application; includeInIndex = 0; path = EvolveChain.app; sourceTree = BUILT_PRODUCTS_DIR; };
		BDD5599120AA9BCC006D8641 /* AppDelegate.swift */ = {isa = PBXFileReference; lastKnownFileType = sourcecode.swift; path = AppDelegate.swift; sourceTree = "<group>"; };
		BDD5599620AA9BCC006D8641 /* Base */ = {isa = PBXFileReference; lastKnownFileType = file.storyboard; name = Base; path = Base.lproj/Main.storyboard; sourceTree = "<group>"; };
		BDD5599820AA9BDA006D8641 /* Assets.xcassets */ = {isa = PBXFileReference; lastKnownFileType = folder.assetcatalog; path = Assets.xcassets; sourceTree = "<group>"; };
		BDD5599D20AA9BDA006D8641 /* Info.plist */ = {isa = PBXFileReference; lastKnownFileType = text.plist.xml; path = Info.plist; sourceTree = "<group>"; };
		BDD559B220AA9E0E006D8641 /* Settings.bundle */ = {isa = PBXFileReference; lastKnownFileType = "wrapper.plug-in"; path = Settings.bundle; sourceTree = "<group>"; };
		BDD559B520AAA5EE006D8641 /* FlowManager.swift */ = {isa = PBXFileReference; lastKnownFileType = sourcecode.swift; path = FlowManager.swift; sourceTree = "<group>"; };
		BDD559B720AAAFB5006D8641 /* Constants.swift */ = {isa = PBXFileReference; lastKnownFileType = sourcecode.swift; path = Constants.swift; sourceTree = "<group>"; };
		BDD559BA20AABAB5006D8641 /* EntryHomeVC.swift */ = {isa = PBXFileReference; lastKnownFileType = sourcecode.swift; path = EntryHomeVC.swift; sourceTree = "<group>"; };
		BDD559BC20AABFA4006D8641 /* Extensions.swift */ = {isa = PBXFileReference; lastKnownFileType = sourcecode.swift; path = Extensions.swift; sourceTree = "<group>"; };
		BDD559BE20AAEA4B006D8641 /* RadioSelectionCell.swift */ = {isa = PBXFileReference; lastKnownFileType = sourcecode.swift; path = RadioSelectionCell.swift; sourceTree = "<group>"; };
		BDD559BF20AAEA4B006D8641 /* RadioSelectionCell.xib */ = {isa = PBXFileReference; lastKnownFileType = file.xib; path = RadioSelectionCell.xib; sourceTree = "<group>"; };
		BDD559C320AAEC15006D8641 /* CountrySelectionVC.swift */ = {isa = PBXFileReference; lastKnownFileType = sourcecode.swift; path = CountrySelectionVC.swift; sourceTree = "<group>"; };
		BDD559C520AB0828006D8641 /* RegistrationVC.swift */ = {isa = PBXFileReference; lastKnownFileType = sourcecode.swift; path = RegistrationVC.swift; sourceTree = "<group>"; };
		BDD559C820ABEA2D006D8641 /* CustomBackButton.swift */ = {isa = PBXFileReference; lastKnownFileType = sourcecode.swift; path = CustomBackButton.swift; sourceTree = "<group>"; };
		BDD559CA20ABEE90006D8641 /* NetworkManager.swift */ = {isa = PBXFileReference; lastKnownFileType = sourcecode.swift; path = NetworkManager.swift; sourceTree = "<group>"; };
		BDD559CC20ABEF7D006D8641 /* SettingsBundleHelper.swift */ = {isa = PBXFileReference; lastKnownFileType = sourcecode.swift; path = SettingsBundleHelper.swift; sourceTree = "<group>"; };
		BDD559CE20AC19F0006D8641 /* RequestManager.swift */ = {isa = PBXFileReference; lastKnownFileType = sourcecode.swift; path = RequestManager.swift; sourceTree = "<group>"; };
		BDD559D220AC4734006D8641 /* UIDeviceExtension.swift */ = {isa = PBXFileReference; fileEncoding = 4; lastKnownFileType = sourcecode.swift; path = UIDeviceExtension.swift; sourceTree = "<group>"; };
		BDD559D420AC4B40006D8641 /* RawdataConverter.swift */ = {isa = PBXFileReference; fileEncoding = 4; lastKnownFileType = sourcecode.swift; path = RawdataConverter.swift; sourceTree = "<group>"; };
		BDD559D620AC5325006D8641 /* DateExtension.swift */ = {isa = PBXFileReference; fileEncoding = 4; lastKnownFileType = sourcecode.swift; path = DateExtension.swift; sourceTree = "<group>"; };
		BDD559D820AC547E006D8641 /* TickCell.swift */ = {isa = PBXFileReference; lastKnownFileType = sourcecode.swift; path = TickCell.swift; sourceTree = "<group>"; };
		BDD559D920AC547E006D8641 /* TickCell.xib */ = {isa = PBXFileReference; lastKnownFileType = file.xib; path = TickCell.xib; sourceTree = "<group>"; };
		BDD559DE20AD4E49006D8641 /* BasicDetailsAmericaVC.swift */ = {isa = PBXFileReference; lastKnownFileType = sourcecode.swift; path = BasicDetailsAmericaVC.swift; sourceTree = "<group>"; };
		BDDE714920C93A6200840CCF /* TwoImagePicker.swift */ = {isa = PBXFileReference; lastKnownFileType = sourcecode.swift; path = TwoImagePicker.swift; sourceTree = "<group>"; };
		BDDE714A20C93A6200840CCF /* TwoImagePicker.xib */ = {isa = PBXFileReference; lastKnownFileType = file.xib; path = TwoImagePicker.xib; sourceTree = "<group>"; };
		BDEAFD1B20D7ADE100572E77 /* CircularProgressView.swift */ = {isa = PBXFileReference; lastKnownFileType = sourcecode.swift; path = CircularProgressView.swift; sourceTree = "<group>"; };
		BDF5D7B320BFB40D00D642CE /* ConfigModel.swift */ = {isa = PBXFileReference; lastKnownFileType = sourcecode.swift; path = ConfigModel.swift; sourceTree = "<group>"; };
		BDF5D7B620BFB45700D642CE /* CountryModel.swift */ = {isa = PBXFileReference; lastKnownFileType = sourcecode.swift; path = CountryModel.swift; sourceTree = "<group>"; };
		BDF5D7BF20BFDD0F00D642CE /* UserImageCell.swift */ = {isa = PBXFileReference; lastKnownFileType = sourcecode.swift; path = UserImageCell.swift; sourceTree = "<group>"; };
		BDF5D7C020BFDD0F00D642CE /* UserImageCell.xib */ = {isa = PBXFileReference; lastKnownFileType = file.xib; path = UserImageCell.xib; sourceTree = "<group>"; };
		BDF5D7C420BFE4F900D642CE /* Launch Screen.storyboard */ = {isa = PBXFileReference; lastKnownFileType = file.storyboard; path = "Launch Screen.storyboard"; sourceTree = "<group>"; };
		BDF6DF3020C9091300B9E162 /* DocModel.swift */ = {isa = PBXFileReference; lastKnownFileType = sourcecode.swift; path = DocModel.swift; sourceTree = "<group>"; };
		BDF6DF3220C90E0000B9E162 /* DocumentManager.swift */ = {isa = PBXFileReference; lastKnownFileType = sourcecode.swift; path = DocumentManager.swift; sourceTree = "<group>"; };
		BDF6DF3920C925F400B9E162 /* TextFieldCell.swift */ = {isa = PBXFileReference; lastKnownFileType = sourcecode.swift; path = TextFieldCell.swift; sourceTree = "<group>"; };
		BDF6DF3A20C925F400B9E162 /* TextFieldCell.xib */ = {isa = PBXFileReference; lastKnownFileType = file.xib; path = TextFieldCell.xib; sourceTree = "<group>"; };
		BDFB175620EC8F850084847D /* PopAnimator.swift */ = {isa = PBXFileReference; lastKnownFileType = sourcecode.swift; path = PopAnimator.swift; sourceTree = "<group>"; };
		BDFB175A20ECA1880084847D /* CustomInteractor.swift */ = {isa = PBXFileReference; lastKnownFileType = sourcecode.swift; path = CustomInteractor.swift; sourceTree = "<group>"; };
/* End PBXFileReference section */

/* Begin PBXFrameworksBuildPhase section */
		BDD5598B20AA9BCC006D8641 /* Frameworks */ = {
			isa = PBXFrameworksBuildPhase;
			buildActionMask = 2147483647;
			files = (
			);
			runOnlyForDeploymentPostprocessing = 0;
		};
/* End PBXFrameworksBuildPhase section */

/* Begin PBXGroup section */
		BD12F4CF20E256AA007AB6ED /* ShareKycVC */ = {
			isa = PBXGroup;
			children = (
				BD12F4CD20E256A5007AB6ED /* ShareKycVC.swift */,
			);
			path = ShareKycVC;
			sourceTree = "<group>";
		};
		BD161CB920AD682F009BBE50 /* Models */ = {
			isa = PBXGroup;
			children = (
				BD18856F20C6A41C006AF1C3 /* CountryModel */,
				BDF5D7B520BFB43B00D642CE /* Config */,
				BD345C9C20AED367002388A9 /* Registration */,
			);
			path = Models;
			sourceTree = "<group>";
		};
		BD18856F20C6A41C006AF1C3 /* CountryModel */ = {
			isa = PBXGroup;
			children = (
				BD345C8420AD848B002388A9 /* Country.swift */,
				BDF5D7B620BFB45700D642CE /* CountryModel.swift */,
			);
			path = CountryModel;
			sourceTree = "<group>";
		};
		BD1A48BB20C1121D0054E6A9 /* ChangePinVC */ = {
			isa = PBXGroup;
			children = (
				BD1A48B920C112160054E6A9 /* ChangePinVC.swift */,
			);
			path = ChangePinVC;
			sourceTree = "<group>";
		};
		BD345C8D20ADA706002388A9 /* CustomPicker */ = {
			isa = PBXGroup;
			children = (
				BD345C8920ADA6FF002388A9 /* CustomPickerView.swift */,
				BD345C8A20ADA6FF002388A9 /* CustomPickerView.xib */,
			);
			path = CustomPicker;
			sourceTree = "<group>";
		};
		BD345C8E20AE99ED002388A9 /* KeyboardManager */ = {
			isa = PBXGroup;
			children = (
				BD345C8F20AE99ED002388A9 /* ScrollviewKeyboard.h */,
				BD345C9020AE99ED002388A9 /* ScrollviewKeyboard.m */,
				BD345C9120AE99ED002388A9 /* TableviewKeyboard.h */,
				BD345C9220AE99ED002388A9 /* TableviewKeyboard.m */,
				BD345C9320AE99ED002388A9 /* UIScrollView+KeyboardPresentation.h */,
				BD345C9420AE99ED002388A9 /* UIScrollView+KeyboardPresentation.m */,
			);
			path = KeyboardManager;
			sourceTree = "<group>";
		};
		BD345C9820AEA288002388A9 /* BasicDetails */ = {
			isa = PBXGroup;
			children = (
				BDD559DE20AD4E49006D8641 /* BasicDetailsAmericaVC.swift */,
				BD161CBC20AD68A0009BBE50 /* VerifyOtpVC.swift */,
			);
			path = BasicDetails;
			sourceTree = "<group>";
		};
		BD345C9C20AED367002388A9 /* Registration */ = {
			isa = PBXGroup;
			children = (
				BD161CB720AD682B009BBE50 /* BasicDetailsModel.swift */,
				BDF6DF3020C9091300B9E162 /* DocModel.swift */,
				BDF6DF3220C90E0000B9E162 /* DocumentManager.swift */,
			);
			path = Registration;
			sourceTree = "<group>";
		};
		BD3B01CB20DBA9B6003D88E7 /* LaunchScreen */ = {
			isa = PBXGroup;
			children = (
				BDF5D7C420BFE4F900D642CE /* Launch Screen.storyboard */,
			);
			path = LaunchScreen;
			sourceTree = "<group>";
		};
		BD3B01CC20DBB680003D88E7 /* AppDel */ = {
			isa = PBXGroup;
			children = (
				BDD5599120AA9BCC006D8641 /* AppDelegate.swift */,
			);
			path = AppDel;
			sourceTree = "<group>";
		};
		BD3E300120C7AD4F00040570 /* Address */ = {
			isa = PBXGroup;
			children = (
				BD3E2FFF20C7ACDE00040570 /* AddressVC.swift */,
			);
			path = Address;
			sourceTree = "<group>";
		};
		BD3E300420C7EF0F00040570 /* DocumentHoldingVC */ = {
			isa = PBXGroup;
			children = (
				BD3E300220C7EF0900040570 /* DocumentHoldingVC.swift */,
			);
			path = DocumentHoldingVC;
			sourceTree = "<group>";
		};
		BD5E0F0A20E5F4F80045C0A3 /* SummaryImageCell */ = {
			isa = PBXGroup;
			children = (
				BD5E0F0620E5F4F50045C0A3 /* SummaryImageCell.swift */,
				BD5E0F0720E5F4F50045C0A3 /* SummaryImageCell.xib */,
			);
			path = SummaryImageCell;
			sourceTree = "<group>";
		};
		BD5E0F0D20E65DC90045C0A3 /* ImageViewerVC */ = {
			isa = PBXGroup;
			children = (
				BD5E0F0B20E65DBF0045C0A3 /* ImageViewerVC.swift */,
				BDEBAA9920EBA7940075C598 /* TransitionManager */,
			);
			path = ImageViewerVC;
			sourceTree = "<group>";
		};
		BD66CEA620D26B3300763227 /* Documents */ = {
			isa = PBXGroup;
			children = (
				BD2F8BD820C93F970067502F /* DocumentVC.swift */,
			);
			path = Documents;
			sourceTree = "<group>";
		};
		BD6C281620EB3E71004555BD /* RegistrationCell */ = {
			isa = PBXGroup;
			children = (
				BD6C281220EB3E66004555BD /* RegistrationCell.swift */,
				BD6C281320EB3E66004555BD /* RegistrationCell.xib */,
			);
			path = RegistrationCell;
			sourceTree = "<group>";
		};
		BD7BE56F20BD3E3B005BFC26 /* ProfileType1Cell */ = {
			isa = PBXGroup;
			children = (
				BD7BE56B20BD3E35005BFC26 /* ProfileType1Cell.swift */,
				BD7BE56C20BD3E35005BFC26 /* ProfileType1Cell.xib */,
			);
			path = ProfileType1Cell;
			sourceTree = "<group>";
		};
		BD7BE57220BE7682005BFC26 /* SettingsVC */ = {
			isa = PBXGroup;
			children = (
				BD7BE57020BE767E005BFC26 /* SettingsVC.swift */,
			);
			path = SettingsVC;
			sourceTree = "<group>";
		};
		BDB45EB020B594ED008888CF /* OptionsCollectionViewCell */ = {
			isa = PBXGroup;
			children = (
				BDB45EAC20B594DF008888CF /* OptionsCollectionViewCell.swift */,
				BDB45EAD20B594DF008888CF /* OptionsCollectionViewCell.xib */,
			);
			path = OptionsCollectionViewCell;
			sourceTree = "<group>";
		};
		BDB53AE420B29FB900C5122C /* Login */ = {
			isa = PBXGroup;
			children = (
				BDB53AE220B29FB500C5122C /* Login.storyboard */,
			);
			path = Login;
			sourceTree = "<group>";
		};
		BDB53AE520B2A49200C5122C /* Registration */ = {
			isa = PBXGroup;
			children = (
				BDD559C320AAEC15006D8641 /* CountrySelectionVC.swift */,
				BDD559DD20AD4E08006D8641 /* CountryRegistration */,
				BD5E0F0D20E65DC90045C0A3 /* ImageViewerVC */,
			);
			path = Registration;
			sourceTree = "<group>";
		};
		BDB53AE820B2A4C900C5122C /* Login */ = {
			isa = PBXGroup;
			children = (
				BDB53AE620B2A4C600C5122C /* LoginVC.swift */,
				BDB53AEB20B2AEB400C5122C /* GenerateOtp */,
			);
			path = Login;
			sourceTree = "<group>";
		};
		BDB53AEB20B2AEB400C5122C /* GenerateOtp */ = {
			isa = PBXGroup;
			children = (
				BDB53AE920B2AEAF00C5122C /* GenerateOtpVC.swift */,
				BDB53AEC20B2B2DF00C5122C /* SetPinVC.swift */,
			);
			path = GenerateOtp;
			sourceTree = "<group>";
		};
		BDB53AF020B2CCD100C5122C /* AfterLogin */ = {
			isa = PBXGroup;
			children = (
				BDB53AEE20B2CCCC00C5122C /* Home.storyboard */,
			);
			path = AfterLogin;
			sourceTree = "<group>";
		};
		BDB53AF320B2CDE200C5122C /* Profile */ = {
			isa = PBXGroup;
			children = (
				BDB53AF120B2CDDC00C5122C /* ProfileVC.swift */,
			);
			path = Profile;
			sourceTree = "<group>";
		};
		BDB53AF420B2CDEB00C5122C /* AfterLogin */ = {
			isa = PBXGroup;
			children = (
				BD12F4C920E22A43007AB6ED /* HomeTabbarVC.swift */,
				BD12F4CF20E256AA007AB6ED /* ShareKycVC */,
				BDB53AF320B2CDE200C5122C /* Profile */,
				BD7BE57220BE7682005BFC26 /* SettingsVC */,
				BD1A48BB20C1121D0054E6A9 /* ChangePinVC */,
			);
			path = AfterLogin;
			sourceTree = "<group>";
		};
		BDD1FF6820BBBEA000BF260F /* GlobalMethods */ = {
			isa = PBXGroup;
			children = (
				BD161CB520AD544D009BBE50 /* Util.swift */,
			);
			path = GlobalMethods;
			sourceTree = "<group>";
		};
		BDD1FF6D20BBD0CE00BF260F /* SummaryCell */ = {
			isa = PBXGroup;
			children = (
				BDD1FF6920BBD0C800BF260F /* SummaryCell.swift */,
				BDD1FF6A20BBD0C800BF260F /* SummaryCell.xib */,
			);
			path = SummaryCell;
			sourceTree = "<group>";
		};
		BDD1FF7220BBD72000BF260F /* ImageCell */ = {
			isa = PBXGroup;
			children = (
				BDD1FF6E20BBD71100BF260F /* ImageCell.swift */,
				BDD1FF6F20BBD71100BF260F /* ImageCell.xib */,
			);
			path = ImageCell;
			sourceTree = "<group>";
		};
		BDD1FF7420BBF26D00BF260F /* RegisterComplete */ = {
			isa = PBXGroup;
			children = (
				BD3BE16620B6EDB700FED508 /* SuccessfullVC.swift */,
			);
			path = RegisterComplete;
			sourceTree = "<group>";
		};
		BDD1FF7720BBF29A00BF260F /* SummaryVC */ = {
			isa = PBXGroup;
			children = (
				BDD1FF7520BBF29700BF260F /* SummaryVC.swift */,
				BDC0492820EDE816000CB9F9 /* RegCompletePushAnimator.swift */,
			);
			path = SummaryVC;
			sourceTree = "<group>";
		};
		BDD4BBB620CE55A600428689 /* Edit */ = {
			isa = PBXGroup;
			children = (
				BDD4BBB420CE55A000428689 /* EditApplicationVC.swift */,
			);
			path = Edit;
			sourceTree = "<group>";
		};
		BDD5598520AA9BCC006D8641 = {
			isa = PBXGroup;
			children = (
				BDD5599020AA9BCC006D8641 /* EvolveChain */,
				BDD5598F20AA9BCC006D8641 /* Products */,
			);
			sourceTree = "<group>";
		};
		BDD5598F20AA9BCC006D8641 /* Products */ = {
			isa = PBXGroup;
			children = (
				BDD5598E20AA9BCC006D8641 /* EvolveChain.app */,
			);
			name = Products;
			sourceTree = "<group>";
		};
		BDD5599020AA9BCC006D8641 /* EvolveChain */ = {
			isa = PBXGroup;
			children = (
				BD3B01CC20DBB680003D88E7 /* AppDel */,
				BD161CB920AD682F009BBE50 /* Models */,
				BDD559A320AA9C57006D8641 /* Storyboards */,
				BDD559A520AA9C78006D8641 /* Controllers */,
				BDD559B420AAA59B006D8641 /* FlowManager */,
				BDD1FF6820BBBEA000BF260F /* GlobalMethods */,
				BDD559A720AA9C90006D8641 /* Views */,
				BDD559AB20AA9CC8006D8641 /* ThirdParty */,
				BDD559A920AA9CA5006D8641 /* NetworkManager */,
				BDD559A820AA9C99006D8641 /* Cells */,
				BDD559C720ABE997006D8641 /* CustomClasses */,
				BDD559AA20AA9CB7006D8641 /* Extensions */,
				BDD559A620AA9C82006D8641 /* Resources */,
				BDD559A420AA9C6D006D8641 /* Assets */,
				BDD559B120AA9DDC006D8641 /* Supporting Files */,
			);
			path = EvolveChain;
			sourceTree = "<group>";
		};
		BDD559A320AA9C57006D8641 /* Storyboards */ = {
			isa = PBXGroup;
			children = (
				BD3B01CB20DBA9B6003D88E7 /* LaunchScreen */,
				BDD559AD20AA9CF3006D8641 /* BeforeLogin */,
				BDB53AE420B29FB900C5122C /* Login */,
				BDB53AF020B2CCD100C5122C /* AfterLogin */,
			);
			path = Storyboards;
			sourceTree = "<group>";
		};
		BDD559A420AA9C6D006D8641 /* Assets */ = {
			isa = PBXGroup;
			children = (
				BD2E6BB420DA741C00C48AF7 /* app_image.png */,
				BDD5599820AA9BDA006D8641 /* Assets.xcassets */,
			);
			path = Assets;
			sourceTree = "<group>";
		};
		BDD559A520AA9C78006D8641 /* Controllers */ = {
			isa = PBXGroup;
			children = (
				BDD559B920AAB8B0006D8641 /* BeforeLogin */,
				BDB53AF420B2CDEB00C5122C /* AfterLogin */,
			);
			path = Controllers;
			sourceTree = "<group>";
		};
		BDD559A620AA9C82006D8641 /* Resources */ = {
			isa = PBXGroup;
			children = (
				BD345C8E20AE99ED002388A9 /* KeyboardManager */,
				BD345C8620AD84A3002388A9 /* countries.json */,
				BDD559AC20AA9CDC006D8641 /* Constants */,
				BD345C8820AD8C64002388A9 /* EvolveChain-Bridging-Header.h */,
			);
			path = Resources;
			sourceTree = "<group>";
		};
		BDD559A720AA9C90006D8641 /* Views */ = {
			isa = PBXGroup;
			children = (
				BD345C8D20ADA706002388A9 /* CustomPicker */,
			);
			path = Views;
			sourceTree = "<group>";
		};
		BDD559A820AA9C99006D8641 /* Cells */ = {
			isa = PBXGroup;
			children = (
				BDD559C220AAEA52006D8641 /* RadioSelectionCell */,
				BDD559DC20AC5483006D8641 /* TickCell */,
				BDB45EB020B594ED008888CF /* OptionsCollectionViewCell */,
				BDD1FF6D20BBD0CE00BF260F /* SummaryCell */,
				BDD1FF7220BBD72000BF260F /* ImageCell */,
				BD7BE56F20BD3E3B005BFC26 /* ProfileType1Cell */,
				BDF5D7C320BFDD1600D642CE /* UserImageCell */,
				BDF6DF3820C9257E00B9E162 /* TextFieldCell */,
				BDDE714D20C93A6E00840CCF /* TwoImagePicker */,
				BD5E0F0A20E5F4F80045C0A3 /* SummaryImageCell */,
				BD6C281620EB3E71004555BD /* RegistrationCell */,
			);
			path = Cells;
			sourceTree = "<group>";
		};
		BDD559A920AA9CA5006D8641 /* NetworkManager */ = {
			isa = PBXGroup;
			children = (
				BDD559CA20ABEE90006D8641 /* NetworkManager.swift */,
				BDD559CE20AC19F0006D8641 /* RequestManager.swift */,
			);
			path = NetworkManager;
			sourceTree = "<group>";
		};
		BDD559AA20AA9CB7006D8641 /* Extensions */ = {
			isa = PBXGroup;
			children = (
				BDD559BC20AABFA4006D8641 /* Extensions.swift */,
				BDD559D220AC4734006D8641 /* UIDeviceExtension.swift */,
				BDD559D620AC5325006D8641 /* DateExtension.swift */,
			);
			path = Extensions;
			sourceTree = "<group>";
		};
		BDD559AB20AA9CC8006D8641 /* ThirdParty */ = {
			isa = PBXGroup;
			children = (
			);
			path = ThirdParty;
			sourceTree = "<group>";
		};
		BDD559AC20AA9CDC006D8641 /* Constants */ = {
			isa = PBXGroup;
			children = (
				BD66CEA720D27F8900763227 /* StringConstants.swift */,
				BDD559B720AAAFB5006D8641 /* Constants.swift */,
				BD3B01CD20DBB91A003D88E7 /* UrlConstants.swift */,
			);
			path = Constants;
			sourceTree = "<group>";
		};
		BDD559AD20AA9CF3006D8641 /* BeforeLogin */ = {
			isa = PBXGroup;
			children = (
				BDD5599520AA9BCC006D8641 /* Main.storyboard */,
			);
			path = BeforeLogin;
			sourceTree = "<group>";
		};
		BDD559B120AA9DDC006D8641 /* Supporting Files */ = {
			isa = PBXGroup;
			children = (
				BDD5599D20AA9BDA006D8641 /* Info.plist */,
				BDD559B220AA9E0E006D8641 /* Settings.bundle */,
				BDD559CC20ABEF7D006D8641 /* SettingsBundleHelper.swift */,
			);
			path = "Supporting Files";
			sourceTree = "<group>";
		};
		BDD559B420AAA59B006D8641 /* FlowManager */ = {
			isa = PBXGroup;
			children = (
				BDD559B520AAA5EE006D8641 /* FlowManager.swift */,
			);
			path = FlowManager;
			sourceTree = "<group>";
		};
		BDD559B920AAB8B0006D8641 /* BeforeLogin */ = {
			isa = PBXGroup;
			children = (
				BDD559BA20AABAB5006D8641 /* EntryHomeVC.swift */,
				BDB53AE520B2A49200C5122C /* Registration */,
				BDD4BBB620CE55A600428689 /* Edit */,
				BDB53AE820B2A4C900C5122C /* Login */,
			);
			path = BeforeLogin;
			sourceTree = "<group>";
		};
		BDD559C220AAEA52006D8641 /* RadioSelectionCell */ = {
			isa = PBXGroup;
			children = (
				BDD559BE20AAEA4B006D8641 /* RadioSelectionCell.swift */,
				BDD559BF20AAEA4B006D8641 /* RadioSelectionCell.xib */,
			);
			path = RadioSelectionCell;
			sourceTree = "<group>";
		};
		BDD559C720ABE997006D8641 /* CustomClasses */ = {
			isa = PBXGroup;
			children = (
				BDD559D420AC4B40006D8641 /* RawdataConverter.swift */,
				BDD559C820ABEA2D006D8641 /* CustomBackButton.swift */,
				BDB45E9D20B4042E008888CF /* BackSpaceTextfield.swift */,
				BDBF8E0820C01394009214CD /* ShadowView.swift */,
				BD12F4CB20E248B3007AB6ED /* HeaderShadowView.swift */,
				BD8B72BA20C139A300D433B8 /* NoCursorTextfield.swift */,
				BD18857020C6A45F006AF1C3 /* KeychainService.swift */,
				BDD4BBB720CE768C00428689 /* PickerClass.swift */,
				BDEAFD1B20D7ADE100572E77 /* CircularProgressView.swift */,
				BD067A6520E258EC00EA3930 /* CopyLabel.swift */,
			);
			path = CustomClasses;
			sourceTree = "<group>";
		};
		BDD559DC20AC5483006D8641 /* TickCell */ = {
			isa = PBXGroup;
			children = (
				BDD559D820AC547E006D8641 /* TickCell.swift */,
				BDD559D920AC547E006D8641 /* TickCell.xib */,
			);
			path = TickCell;
			sourceTree = "<group>";
		};
		BDD559DD20AD4E08006D8641 /* CountryRegistration */ = {
			isa = PBXGroup;
			children = (
				BDD559C520AB0828006D8641 /* RegistrationVC.swift */,
				BD345C9820AEA288002388A9 /* BasicDetails */,
				BD3E300120C7AD4F00040570 /* Address */,
				BD66CEA620D26B3300763227 /* Documents */,
				BD3E300420C7EF0F00040570 /* DocumentHoldingVC */,
				BDD1FF7720BBF29A00BF260F /* SummaryVC */,
				BDD1FF7420BBF26D00BF260F /* RegisterComplete */,
			);
			path = CountryRegistration;
			sourceTree = "<group>";
		};
		BDDE714D20C93A6E00840CCF /* TwoImagePicker */ = {
			isa = PBXGroup;
			children = (
				BDDE714920C93A6200840CCF /* TwoImagePicker.swift */,
				BDDE714A20C93A6200840CCF /* TwoImagePicker.xib */,
			);
			path = TwoImagePicker;
			sourceTree = "<group>";
		};
		BDEBAA9920EBA7940075C598 /* TransitionManager */ = {
			isa = PBXGroup;
			children = (
				BD6C281F20EB59F1004555BD /* PushAnimator.swift */,
				BDFB175620EC8F850084847D /* PopAnimator.swift */,
				BDFB175A20ECA1880084847D /* CustomInteractor.swift */,
			);
			path = TransitionManager;
			sourceTree = "<group>";
		};
		BDF5D7B520BFB43B00D642CE /* Config */ = {
			isa = PBXGroup;
			children = (
				BDF5D7B320BFB40D00D642CE /* ConfigModel.swift */,
			);
			path = Config;
			sourceTree = "<group>";
		};
		BDF5D7C320BFDD1600D642CE /* UserImageCell */ = {
			isa = PBXGroup;
			children = (
				BDF5D7BF20BFDD0F00D642CE /* UserImageCell.swift */,
				BDF5D7C020BFDD0F00D642CE /* UserImageCell.xib */,
			);
			path = UserImageCell;
			sourceTree = "<group>";
		};
		BDF6DF3820C9257E00B9E162 /* TextFieldCell */ = {
			isa = PBXGroup;
			children = (
				BDF6DF3920C925F400B9E162 /* TextFieldCell.swift */,
				BDF6DF3A20C925F400B9E162 /* TextFieldCell.xib */,
			);
			path = TextFieldCell;
			sourceTree = "<group>";
		};
/* End PBXGroup section */

/* Begin PBXNativeTarget section */
		BDD5598D20AA9BCC006D8641 /* EvolveChain */ = {
			isa = PBXNativeTarget;
			buildConfigurationList = BDD559A020AA9BDA006D8641 /* Build configuration list for PBXNativeTarget "EvolveChain" */;
			buildPhases = (
				BDD5598A20AA9BCC006D8641 /* Sources */,
				BDD5598B20AA9BCC006D8641 /* Frameworks */,
				BDD5598C20AA9BCC006D8641 /* Resources */,
			);
			buildRules = (
			);
			dependencies = (
			);
			name = EvolveChain;
			productName = EvolveChain;
			productReference = BDD5598E20AA9BCC006D8641 /* EvolveChain.app */;
			productType = "com.apple.product-type.application";
		};
/* End PBXNativeTarget section */

/* Begin PBXProject section */
		BDD5598620AA9BCC006D8641 /* Project object */ = {
			isa = PBXProject;
			attributes = {
				LastSwiftUpdateCheck = 0930;
				LastUpgradeCheck = 0930;
				ORGANIZATIONNAME = EvolveChain;
				TargetAttributes = {
					BDD5598D20AA9BCC006D8641 = {
						CreatedOnToolsVersion = 9.3;
					};
				};
			};
			buildConfigurationList = BDD5598920AA9BCC006D8641 /* Build configuration list for PBXProject "EvolveChain" */;
			compatibilityVersion = "Xcode 9.3";
			developmentRegion = en;
			hasScannedForEncodings = 0;
			knownRegions = (
				en,
				Base,
			);
			mainGroup = BDD5598520AA9BCC006D8641;
			productRefGroup = BDD5598F20AA9BCC006D8641 /* Products */;
			projectDirPath = "";
			projectRoot = "";
			targets = (
				BDD5598D20AA9BCC006D8641 /* EvolveChain */,
			);
		};
/* End PBXProject section */

/* Begin PBXResourcesBuildPhase section */
		BDD5598C20AA9BCC006D8641 /* Resources */ = {
			isa = PBXResourcesBuildPhase;
			buildActionMask = 2147483647;
			files = (
				BD6C281520EB3E66004555BD /* RegistrationCell.xib in Resources */,
				BD2E6BB520DA741C00C48AF7 /* app_image.png in Resources */,
				BDDE714C20C93A6200840CCF /* TwoImagePicker.xib in Resources */,
				BDD1FF7120BBD71100BF260F /* ImageCell.xib in Resources */,
				BDB45EAF20B594DF008888CF /* OptionsCollectionViewCell.xib in Resources */,
				BDD559DB20AC547E006D8641 /* TickCell.xib in Resources */,
				BDB53AEF20B2CCCC00C5122C /* Home.storyboard in Resources */,
				BDF5D7C220BFDD1000D642CE /* UserImageCell.xib in Resources */,
				BD345C8C20ADA6FF002388A9 /* CustomPickerView.xib in Resources */,
				BD5E0F0920E5F4F50045C0A3 /* SummaryImageCell.xib in Resources */,
				BDD559B320AA9E0E006D8641 /* Settings.bundle in Resources */,
				BD7BE56E20BD3E35005BFC26 /* ProfileType1Cell.xib in Resources */,
				BDD559C120AAEA4B006D8641 /* RadioSelectionCell.xib in Resources */,
				BDF6DF3C20C925F400B9E162 /* TextFieldCell.xib in Resources */,
				BDF5D7C520BFE4F900D642CE /* Launch Screen.storyboard in Resources */,
				BDD5599920AA9BDA006D8641 /* Assets.xcassets in Resources */,
				BD345C8720AD84A3002388A9 /* countries.json in Resources */,
				BDD5599720AA9BCC006D8641 /* Main.storyboard in Resources */,
				BDD1FF6C20BBD0C800BF260F /* SummaryCell.xib in Resources */,
				BDB53AE320B29FB500C5122C /* Login.storyboard in Resources */,
			);
			runOnlyForDeploymentPostprocessing = 0;
		};
/* End PBXResourcesBuildPhase section */

/* Begin PBXSourcesBuildPhase section */
		BDD5598A20AA9BCC006D8641 /* Sources */ = {
			isa = PBXSourcesBuildPhase;
			buildActionMask = 2147483647;
			files = (
				BDD559C020AAEA4B006D8641 /* RadioSelectionCell.swift in Sources */,
				BD8B72BB20C139A300D433B8 /* NoCursorTextfield.swift in Sources */,
				BDD559D720AC5325006D8641 /* DateExtension.swift in Sources */,
				BD12F4CE20E256A5007AB6ED /* ShareKycVC.swift in Sources */,
				BDF6DF3B20C925F400B9E162 /* TextFieldCell.swift in Sources */,
				BDB53AF220B2CDDC00C5122C /* ProfileVC.swift in Sources */,
				BDF6DF3120C9091300B9E162 /* DocModel.swift in Sources */,
				BDD559D320AC4735006D8641 /* UIDeviceExtension.swift in Sources */,
				BD6C282020EB59F1004555BD /* PushAnimator.swift in Sources */,
				BDD1FF7620BBF29700BF260F /* SummaryVC.swift in Sources */,
				BDD1FF7020BBD71100BF260F /* ImageCell.swift in Sources */,
				BDD559B620AAA5EE006D8641 /* FlowManager.swift in Sources */,
				BDFB175B20ECA1880084847D /* CustomInteractor.swift in Sources */,
				BDEAFD1C20D7ADE100572E77 /* CircularProgressView.swift in Sources */,
				BD12F4CA20E22A43007AB6ED /* HomeTabbarVC.swift in Sources */,
				BDF5D7B720BFB45700D642CE /* CountryModel.swift in Sources */,
				BDB53AE720B2A4C600C5122C /* LoginVC.swift in Sources */,
				BD66CEA820D27F8900763227 /* StringConstants.swift in Sources */,
				BD3E300020C7ACDE00040570 /* AddressVC.swift in Sources */,
				BDF5D7C120BFDD1000D642CE /* UserImageCell.swift in Sources */,
				BDD559DA20AC547E006D8641 /* TickCell.swift in Sources */,
				BD2F8BD920C93F970067502F /* DocumentVC.swift in Sources */,
				BD12F4CC20E248B3007AB6ED /* HeaderShadowView.swift in Sources */,
				BDBF8E0920C01394009214CD /* ShadowView.swift in Sources */,
				BDB45E9E20B4042E008888CF /* BackSpaceTextfield.swift in Sources */,
				BD7BE56D20BD3E35005BFC26 /* ProfileType1Cell.swift in Sources */,
				BDD559D520AC4B40006D8641 /* RawdataConverter.swift in Sources */,
				BD5E0F0820E5F4F50045C0A3 /* SummaryImageCell.swift in Sources */,
				BDD559CB20ABEE90006D8641 /* NetworkManager.swift in Sources */,
				BDF6DF3320C90E0000B9E162 /* DocumentManager.swift in Sources */,
				BDD559CF20AC19F0006D8641 /* RequestManager.swift in Sources */,
				BD18857120C6A45F006AF1C3 /* KeychainService.swift in Sources */,
				BD6C281420EB3E66004555BD /* RegistrationCell.swift in Sources */,
				BD1A48BA20C112160054E6A9 /* ChangePinVC.swift in Sources */,
				BDB53AED20B2B2DF00C5122C /* SetPinVC.swift in Sources */,
				BD345C9520AE99ED002388A9 /* ScrollviewKeyboard.m in Sources */,
				BDB45EAE20B594DF008888CF /* OptionsCollectionViewCell.swift in Sources */,
				BD345C8520AD848B002388A9 /* Country.swift in Sources */,
				BDD559DF20AD4E49006D8641 /* BasicDetailsAmericaVC.swift in Sources */,
				BDD4BBB820CE768C00428689 /* PickerClass.swift in Sources */,
				BD345C9620AE99EE002388A9 /* TableviewKeyboard.m in Sources */,
				BD067A6620E258EC00EA3930 /* CopyLabel.swift in Sources */,
				BDD1FF6B20BBD0C800BF260F /* SummaryCell.swift in Sources */,
				BDD559C420AAEC15006D8641 /* CountrySelectionVC.swift in Sources */,
				BDD559BD20AABFA4006D8641 /* Extensions.swift in Sources */,
				BD3B01CE20DBB91A003D88E7 /* UrlConstants.swift in Sources */,
				BDD4BBB520CE55A000428689 /* EditApplicationVC.swift in Sources */,
				BDD559C620AB0828006D8641 /* RegistrationVC.swift in Sources */,
				BDD559BB20AABAB5006D8641 /* EntryHomeVC.swift in Sources */,
				BDD559C920ABEA2D006D8641 /* CustomBackButton.swift in Sources */,
				BDFB175720EC8F850084847D /* PopAnimator.swift in Sources */,
				BDD559CD20ABEF7D006D8641 /* SettingsBundleHelper.swift in Sources */,
				BD161CB620AD544D009BBE50 /* Util.swift in Sources */,
				BDD5599220AA9BCC006D8641 /* AppDelegate.swift in Sources */,
				BD3BE16720B6EDB700FED508 /* SuccessfullVC.swift in Sources */,
				BDB53AEA20B2AEAF00C5122C /* GenerateOtpVC.swift in Sources */,
				BD161CB820AD682B009BBE50 /* BasicDetailsModel.swift in Sources */,
				BDDE714B20C93A6200840CCF /* TwoImagePicker.swift in Sources */,
				BD3E300320C7EF0900040570 /* DocumentHoldingVC.swift in Sources */,
				BD345C8B20ADA6FF002388A9 /* CustomPickerView.swift in Sources */,
				BD5E0F0C20E65DBF0045C0A3 /* ImageViewerVC.swift in Sources */,
				BD345C9720AE99EE002388A9 /* UIScrollView+KeyboardPresentation.m in Sources */,
				BDD559B820AAAFB5006D8641 /* Constants.swift in Sources */,
				BD161CBD20AD68A0009BBE50 /* VerifyOtpVC.swift in Sources */,
				BD7BE57120BE767E005BFC26 /* SettingsVC.swift in Sources */,
				BDF5D7B420BFB40D00D642CE /* ConfigModel.swift in Sources */,
				BDC0492920EDE816000CB9F9 /* RegCompletePushAnimator.swift in Sources */,
			);
			runOnlyForDeploymentPostprocessing = 0;
		};
/* End PBXSourcesBuildPhase section */

/* Begin PBXVariantGroup section */
		BDD5599520AA9BCC006D8641 /* Main.storyboard */ = {
			isa = PBXVariantGroup;
			children = (
				BDD5599620AA9BCC006D8641 /* Base */,
			);
			name = Main.storyboard;
			sourceTree = "<group>";
		};
/* End PBXVariantGroup section */

/* Begin XCBuildConfiguration section */
		BDD5599E20AA9BDA006D8641 /* Debug */ = {
			isa = XCBuildConfiguration;
			buildSettings = {
				ALWAYS_SEARCH_USER_PATHS = NO;
				CLANG_ANALYZER_NONNULL = YES;
				CLANG_ANALYZER_NUMBER_OBJECT_CONVERSION = YES_AGGRESSIVE;
				CLANG_CXX_LANGUAGE_STANDARD = "gnu++14";
				CLANG_CXX_LIBRARY = "libc++";
				CLANG_ENABLE_MODULES = YES;
				CLANG_ENABLE_OBJC_ARC = YES;
				CLANG_ENABLE_OBJC_WEAK = YES;
				CLANG_WARN_BLOCK_CAPTURE_AUTORELEASING = YES;
				CLANG_WARN_BOOL_CONVERSION = YES;
				CLANG_WARN_COMMA = YES;
				CLANG_WARN_CONSTANT_CONVERSION = YES;
				CLANG_WARN_DEPRECATED_OBJC_IMPLEMENTATIONS = YES;
				CLANG_WARN_DIRECT_OBJC_ISA_USAGE = YES_ERROR;
				CLANG_WARN_DOCUMENTATION_COMMENTS = YES;
				CLANG_WARN_EMPTY_BODY = YES;
				CLANG_WARN_ENUM_CONVERSION = YES;
				CLANG_WARN_INFINITE_RECURSION = YES;
				CLANG_WARN_INT_CONVERSION = YES;
				CLANG_WARN_NON_LITERAL_NULL_CONVERSION = YES;
				CLANG_WARN_OBJC_IMPLICIT_RETAIN_SELF = YES;
				CLANG_WARN_OBJC_LITERAL_CONVERSION = YES;
				CLANG_WARN_OBJC_ROOT_CLASS = YES_ERROR;
				CLANG_WARN_RANGE_LOOP_ANALYSIS = YES;
				CLANG_WARN_STRICT_PROTOTYPES = YES;
				CLANG_WARN_SUSPICIOUS_MOVE = YES;
				CLANG_WARN_UNGUARDED_AVAILABILITY = YES_AGGRESSIVE;
				CLANG_WARN_UNREACHABLE_CODE = YES;
				CLANG_WARN__DUPLICATE_METHOD_MATCH = YES;
				CODE_SIGN_IDENTITY = "iPhone Developer";
				COPY_PHASE_STRIP = NO;
				DEBUG_INFORMATION_FORMAT = dwarf;
				ENABLE_STRICT_OBJC_MSGSEND = YES;
				ENABLE_TESTABILITY = YES;
				GCC_C_LANGUAGE_STANDARD = gnu11;
				GCC_DYNAMIC_NO_PIC = NO;
				GCC_NO_COMMON_BLOCKS = YES;
				GCC_OPTIMIZATION_LEVEL = 0;
				GCC_PREPROCESSOR_DEFINITIONS = (
					"DEBUG=1",
					"$(inherited)",
				);
				GCC_WARN_64_TO_32_BIT_CONVERSION = YES;
				GCC_WARN_ABOUT_RETURN_TYPE = YES_ERROR;
				GCC_WARN_UNDECLARED_SELECTOR = YES;
				GCC_WARN_UNINITIALIZED_AUTOS = YES_AGGRESSIVE;
				GCC_WARN_UNUSED_FUNCTION = YES;
				GCC_WARN_UNUSED_VARIABLE = YES;
				IPHONEOS_DEPLOYMENT_TARGET = 11.3;
				MTL_ENABLE_DEBUG_INFO = YES;
				ONLY_ACTIVE_ARCH = YES;
				SDKROOT = iphoneos;
				SWIFT_ACTIVE_COMPILATION_CONDITIONS = DEBUG;
				SWIFT_OPTIMIZATION_LEVEL = "-Onone";
			};
			name = Debug;
		};
		BDD5599F20AA9BDA006D8641 /* Release */ = {
			isa = XCBuildConfiguration;
			buildSettings = {
				ALWAYS_SEARCH_USER_PATHS = NO;
				CLANG_ANALYZER_NONNULL = YES;
				CLANG_ANALYZER_NUMBER_OBJECT_CONVERSION = YES_AGGRESSIVE;
				CLANG_CXX_LANGUAGE_STANDARD = "gnu++14";
				CLANG_CXX_LIBRARY = "libc++";
				CLANG_ENABLE_MODULES = YES;
				CLANG_ENABLE_OBJC_ARC = YES;
				CLANG_ENABLE_OBJC_WEAK = YES;
				CLANG_WARN_BLOCK_CAPTURE_AUTORELEASING = YES;
				CLANG_WARN_BOOL_CONVERSION = YES;
				CLANG_WARN_COMMA = YES;
				CLANG_WARN_CONSTANT_CONVERSION = YES;
				CLANG_WARN_DEPRECATED_OBJC_IMPLEMENTATIONS = YES;
				CLANG_WARN_DIRECT_OBJC_ISA_USAGE = YES_ERROR;
				CLANG_WARN_DOCUMENTATION_COMMENTS = YES;
				CLANG_WARN_EMPTY_BODY = YES;
				CLANG_WARN_ENUM_CONVERSION = YES;
				CLANG_WARN_INFINITE_RECURSION = YES;
				CLANG_WARN_INT_CONVERSION = YES;
				CLANG_WARN_NON_LITERAL_NULL_CONVERSION = YES;
				CLANG_WARN_OBJC_IMPLICIT_RETAIN_SELF = YES;
				CLANG_WARN_OBJC_LITERAL_CONVERSION = YES;
				CLANG_WARN_OBJC_ROOT_CLASS = YES_ERROR;
				CLANG_WARN_RANGE_LOOP_ANALYSIS = YES;
				CLANG_WARN_STRICT_PROTOTYPES = YES;
				CLANG_WARN_SUSPICIOUS_MOVE = YES;
				CLANG_WARN_UNGUARDED_AVAILABILITY = YES_AGGRESSIVE;
				CLANG_WARN_UNREACHABLE_CODE = YES;
				CLANG_WARN__DUPLICATE_METHOD_MATCH = YES;
				CODE_SIGN_IDENTITY = "iPhone Developer";
				COPY_PHASE_STRIP = NO;
				DEBUG_INFORMATION_FORMAT = "dwarf-with-dsym";
				ENABLE_NS_ASSERTIONS = NO;
				ENABLE_STRICT_OBJC_MSGSEND = YES;
				GCC_C_LANGUAGE_STANDARD = gnu11;
				GCC_NO_COMMON_BLOCKS = YES;
				GCC_WARN_64_TO_32_BIT_CONVERSION = YES;
				GCC_WARN_ABOUT_RETURN_TYPE = YES_ERROR;
				GCC_WARN_UNDECLARED_SELECTOR = YES;
				GCC_WARN_UNINITIALIZED_AUTOS = YES_AGGRESSIVE;
				GCC_WARN_UNUSED_FUNCTION = YES;
				GCC_WARN_UNUSED_VARIABLE = YES;
				IPHONEOS_DEPLOYMENT_TARGET = 11.3;
				MTL_ENABLE_DEBUG_INFO = NO;
				SDKROOT = iphoneos;
				SWIFT_COMPILATION_MODE = wholemodule;
				SWIFT_OPTIMIZATION_LEVEL = "-O";
				VALIDATE_PRODUCT = YES;
			};
			name = Release;
		};
		BDD559A120AA9BDA006D8641 /* Debug */ = {
			isa = XCBuildConfiguration;
			buildSettings = {
				ASSETCATALOG_COMPILER_APPICON_NAME = AppIcon;
				CODE_SIGN_IDENTITY = "iPhone Developer: Nilam Doctor (DFB4UXKEMK)";
				CODE_SIGN_STYLE = Manual;
				DEVELOPMENT_TEAM = P9ML5K85HE;
				INFOPLIST_FILE = "$(SRCROOT)/EvolveChain/Supporting Files/Info.plist";
				IPHONEOS_DEPLOYMENT_TARGET = 9.0;
				LD_RUNPATH_SEARCH_PATHS = (
					"$(inherited)",
					"@executable_path/Frameworks",
				);
				PRODUCT_BUNDLE_IDENTIFIER = com.app.EvolveChain;
				PRODUCT_NAME = "$(TARGET_NAME)";
				PROVISIONING_PROFILE = "6fe52c38-469e-420f-b211-90f4f08415e0";
				PROVISIONING_PROFILE_SPECIFIER = EvolveChain_Dev_Prov;
				SWIFT_OBJC_BRIDGING_HEADER = "$(SRCROOT)/EvolveChain/Resources/EvolveChain-Bridging-Header.h";
				SWIFT_VERSION = 4.0;
				TARGETED_DEVICE_FAMILY = 1;
			};
			name = Debug;
		};
		BDD559A220AA9BDA006D8641 /* Release */ = {
			isa = XCBuildConfiguration;
			buildSettings = {
				ASSETCATALOG_COMPILER_APPICON_NAME = AppIcon;
				CODE_SIGN_IDENTITY = "iPhone Developer: Nilam Doctor (DFB4UXKEMK)";
				CODE_SIGN_STYLE = Manual;
				DEVELOPMENT_TEAM = P9ML5K85HE;
				INFOPLIST_FILE = "$(SRCROOT)/EvolveChain/Supporting Files/Info.plist";
				IPHONEOS_DEPLOYMENT_TARGET = 9.0;
				LD_RUNPATH_SEARCH_PATHS = (
					"$(inherited)",
					"@executable_path/Frameworks",
				);
				PRODUCT_BUNDLE_IDENTIFIER = com.app.EvolveChain;
				PRODUCT_NAME = "$(TARGET_NAME)";
				PROVISIONING_PROFILE = "6fe52c38-469e-420f-b211-90f4f08415e0";
				PROVISIONING_PROFILE_SPECIFIER = EvolveChain_Dev_Prov;
				SWIFT_OBJC_BRIDGING_HEADER = "$(SRCROOT)/EvolveChain/Resources/EvolveChain-Bridging-Header.h";
				SWIFT_VERSION = 4.0;
				TARGETED_DEVICE_FAMILY = 1;
			};
			name = Release;
		};
/* End XCBuildConfiguration section */

/* Begin XCConfigurationList section */
		BDD5598920AA9BCC006D8641 /* Build configuration list for PBXProject "EvolveChain" */ = {
			isa = XCConfigurationList;
			buildConfigurations = (
				BDD5599E20AA9BDA006D8641 /* Debug */,
				BDD5599F20AA9BDA006D8641 /* Release */,
			);
			defaultConfigurationIsVisible = 0;
			defaultConfigurationName = Release;
		};
		BDD559A020AA9BDA006D8641 /* Build configuration list for PBXNativeTarget "EvolveChain" */ = {
			isa = XCConfigurationList;
			buildConfigurations = (
				BDD559A120AA9BDA006D8641 /* Debug */,
				BDD559A220AA9BDA006D8641 /* Release */,
			);
			defaultConfigurationIsVisible = 0;
			defaultConfigurationName = Release;
		};
/* End XCConfigurationList section */
	};
	rootObject = BDD5598620AA9BCC006D8641 /* Project object */;
}
